
Microsoft Visual Studio Solution File, Format Version 12.00
# Visual Studio Version 16
VisualStudioVersion = 16.0.31025.194
MinimumVisualStudioVersion = 10.0.40219.1
Project("{FAE04EC0-301F-11D3-BF4B-00C04F79EFBC}") = "ShoppingList", "ShoppingList\ShoppingList.csproj", "{4CA85786-FD5D-4473-A6AB-9FA1AFA8E351}"
EndProject
Global
	GlobalSection(SolutionConfigurationPlatforms) = preSolution
		Debug|Any CPU = Debug|Any CPU
		Release|Any CPU = Release|Any CPU
	EndGlobalSection
	GlobalSection(ProjectConfigurationPlatforms) = postSolution
		{4CA85786-FD5D-4473-A6AB-9FA1AFA8E351}.Debug|Any CPU.ActiveCfg = Debug|Any CPU
		{4CA85786-FD5D-4473-A6AB-9FA1AFA8E351}.Debug|Any CPU.Build.0 = Debug|Any CPU
		{4CA85786-FD5D-4473-A6AB-9FA1AFA8E351}.Release|Any CPU.ActiveCfg = Release|Any CPU
		{4CA85786-FD5D-4473-A6AB-9FA1AFA8E351}.Release|Any CPU.Build.0 = Release|Any CPU
	EndGlobalSection
	GlobalSection(SolutionProperties) = preSolution
		HideSolutionNode = FALSE
	EndGlobalSection
	GlobalSection(ExtensibilityGlobals) = postSolution
		SolutionGuid = {590A49C4-C42C-4DA9-9F5E-6A23B4A5F038}
	EndGlobalSection
EndGlobal
